{
  "version": "5",
  "specifiers": {
    "jsr:@david/code-block-writer@^13.0.3": "13.0.3",
    "jsr:@deno/dnt@~0.42.3": "0.42.3",
    "jsr:@std/assert@0.217": "0.217.0",
    "jsr:@std/bytes@*": "1.0.6",
    "jsr:@std/fmt@0.217": "0.217.0",
    "jsr:@std/fmt@1": "1.0.8",
    "jsr:@std/fs@1": "1.0.19",
    "jsr:@std/internal@^1.0.10": "1.0.12",
    "jsr:@std/internal@^1.0.9": "1.0.12",
    "jsr:@std/path@*": "1.1.2",
    "jsr:@std/path@1": "1.1.2",
    "jsr:@std/path@^1.1.1": "1.1.2",
    "jsr:@ts-morph/bootstrap@0.27": "0.27.0",
    "jsr:@ts-morph/common@0.27": "0.27.0",
    "npm:@msgpack/msgpack@^3.1.2": "3.1.3",
    "npm:@noble/curves@1.9.7": "1.9.7",
    "npm:@noble/hashes@1.8.0": "1.8.0",
    "npm:@types/node@*": "24.2.0",
    "npm:cbor-x@*": "1.6.0",
    "npm:cbor-x@^1.6.0": "1.6.0",
    "npm:commander@^10.0.1": "10.0.1",
    "npm:dprint@0.49.0": "0.49.0",
    "npm:effection@^3.6.0": "3.6.1",
    "npm:libsodium-wrappers@0.7.15": "0.7.15",
    "npm:libsodium-wrappers@0.8.2": "0.8.2",
    "npm:lmdb@*": "3.5.3",
    "npm:lmdb@2.6.8-v1": "2.6.8-v1"
  },
  "jsr": {
    "@david/code-block-writer@13.0.3": {
      "integrity": "f98c77d320f5957899a61bfb7a9bead7c6d83ad1515daee92dbacc861e13bb7f"
    },
    "@deno/dnt@0.42.3": {
      "integrity": "62a917a0492f3c8af002dce90605bb0d41f7d29debc06aca40dba72ab65d8ae3",
      "dependencies": [
        "jsr:@david/code-block-writer",
        "jsr:@std/fmt@1",
        "jsr:@std/fs",
        "jsr:@std/path@1",
        "jsr:@ts-morph/bootstrap"
      ]
    },
    "@std/assert@0.217.0": {
      "integrity": "c98e279362ca6982d5285c3b89517b757c1e3477ee9f14eb2fdf80a45aaa9642",
      "dependencies": [
        "jsr:@std/fmt@0.217"
      ]
    },
    "@std/bytes@1.0.6": {
      "integrity": "f6ac6adbd8ccd99314045f5703e23af0a68d7f7e58364b47d2c7f408aeb5820a"
    },
    "@std/fmt@0.217.0": {
      "integrity": "cb99f82500b8da20202fedfa8bb94dd0222e81f0494ed9087de20ee3d8a39a8d"
    },
    "@std/fmt@1.0.8": {
      "integrity": "71e1fc498787e4434d213647a6e43e794af4fd393ef8f52062246e06f7e372b7"
    },
    "@std/fs@1.0.19": {
      "integrity": "051968c2b1eae4d2ea9f79a08a3845740ef6af10356aff43d3e2ef11ed09fb06",
      "dependencies": [
        "jsr:@std/internal@^1.0.9",
        "jsr:@std/path@^1.1.1"
      ]
    },
    "@std/internal@1.0.12": {
      "integrity": "972a634fd5bc34b242024402972cd5143eac68d8dffaca5eaa4dba30ce17b027"
    },
    "@std/path@1.1.2": {
      "integrity": "c0b13b97dfe06546d5e16bf3966b1cadf92e1cc83e56ba5476ad8b498d9e3038",
      "dependencies": [
        "jsr:@std/internal@^1.0.10"
      ]
    },
    "@ts-morph/bootstrap@0.27.0": {
      "integrity": "b8d7bc8f7942ce853dde4161b28f9aa96769cef3d8eebafb379a81800b9e2448",
      "dependencies": [
        "jsr:@ts-morph/common"
      ]
    },
    "@ts-morph/common@0.27.0": {
      "integrity": "c7b73592d78ce8479b356fd4f3d6ec3c460d77753a8680ff196effea7a939052",
      "dependencies": [
        "jsr:@std/fs",
        "jsr:@std/path@1"
      ]
    }
  },
  "npm": {
    "@cbor-extract/cbor-extract-darwin-arm64@2.2.0": {
      "integrity": "sha512-P7swiOAdF7aSi0H+tHtHtr6zrpF3aAq/W9FXx5HektRvLTM2O89xCyXF3pk7pLc7QpaY7AoaE8UowVf9QBdh3w==",
      "os": ["darwin"],
      "cpu": ["arm64"]
    },
    "@cbor-extract/cbor-extract-darwin-x64@2.2.0": {
      "integrity": "sha512-1liF6fgowph0JxBbYnAS7ZlqNYLf000Qnj4KjqPNW4GViKrEql2MgZnAsExhY9LSy8dnvA4C0qHEBgPrll0z0w==",
      "os": ["darwin"],
      "cpu": ["x64"]
    },
    "@cbor-extract/cbor-extract-linux-arm64@2.2.0": {
      "integrity": "sha512-rQvhNmDuhjTVXSPFLolmQ47/ydGOFXtbR7+wgkSY0bdOxCFept1hvg59uiLPT2fVDuJFuEy16EImo5tE2x3RsQ==",
      "os": ["linux"],
      "cpu": ["arm64"]
    },
    "@cbor-extract/cbor-extract-linux-arm@2.2.0": {
      "integrity": "sha512-QeBcBXk964zOytiedMPQNZr7sg0TNavZeuUCD6ON4vEOU/25+pLhNN6EDIKJ9VLTKaZ7K7EaAriyYQ1NQ05s/Q==",
      "os": ["linux"],
      "cpu": ["arm"]
    },
    "@cbor-extract/cbor-extract-linux-x64@2.2.0": {
      "integrity": "sha512-cWLAWtT3kNLHSvP4RKDzSTX9o0wvQEEAj4SKvhWuOVZxiDAeQazr9A+PSiRILK1VYMLeDml89ohxCnUNQNQNCw==",
      "os": ["linux"],
      "cpu": ["x64"]
    },
    "@cbor-extract/cbor-extract-win32-x64@2.2.0": {
      "integrity": "sha512-l2M+Z8DO2vbvADOBNLbbh9y5ST1RY5sqkWOg/58GkUPBYou/cuNZ68SGQ644f1CvZ8kcOxyZtw06+dxWHIoN/w==",
      "os": ["win32"],
      "cpu": ["x64"]
    },
    "@dprint/darwin-arm64@0.49.0": {
      "integrity": "sha512-b8fwjdfYrX5H+QyeWiB27gPc1GMVdd2LorCtsZWC+MDQO6NOgpuxJePqccbQlFUumy2rfmQuLQprnldvQZhceg==",
      "os": ["darwin"],
      "cpu": ["arm64"]
    },
    "@dprint/darwin-x64@0.49.0": {
      "integrity": "sha512-cA/DIPlHClkufLufuIfcXHtZdlyP9U05RuJLvvAfHwJAxyeEC/chKYVc5BVz86RxMIq6czFGpJHoFtTjrfM3YA==",
      "os": ["darwin"],
      "cpu": ["x64"]
    },
    "@dprint/linux-arm64-glibc@0.49.0": {
      "integrity": "sha512-UBo3lDJhotT+qza2S48DOPI64MirkJMoFDidh/TJBjokio2TcGd+QUzuB9O7J1+R3AlbwyObcTECjJryCNohHQ==",
      "os": ["linux"],
      "cpu": ["arm64"]
    },
    "@dprint/linux-arm64-musl@0.49.0": {
      "integrity": "sha512-XWAPL6Hp+zqk9bi57450wuy4yz4fvT72L3Zji3X7ChL5KD/apMUzQnZhmTpln2sxwIgJ3nCbzEzlF7jhhp/7KA==",
      "os": ["linux"],
      "cpu": ["arm64"]
    },
    "@dprint/linux-riscv64-glibc@0.49.0": {
      "integrity": "sha512-6GlGcauMeMbCCJ15OmAMkarouCifij9hb12Vz5UUZPevnutVoWRTQBPQLfllmd+9Znsp23fHnmzmykibdwj4Gw==",
      "os": ["linux"],
      "cpu": ["riscv64"]
    },
    "@dprint/linux-x64-glibc@0.49.0": {
      "integrity": "sha512-PJUM1G8L2xwF9R1s4/J6kf29S2sJ/sZGy3ah7g5Uj+oYkZq6SlMOrx3xqCXEkKSa0T6Xuc1bUBcJyrjEf36xiw==",
      "os": ["linux"],
      "cpu": ["x64"]
    },
    "@dprint/linux-x64-musl@0.49.0": {
      "integrity": "sha512-+WIInBwbCXYmWZcYYmnD8HdcZj6q8ewy6mPpHH6SDMtWr6nrxzyIVLFr72XeiBoHnVsQFUhN+wv5Bm5NnpJtRw==",
      "os": ["linux"],
      "cpu": ["x64"]
    },
    "@dprint/win32-arm64@0.49.0": {
      "integrity": "sha512-AteygrhmT7OXIgE/72REUfTPs/+qU0I1vhU379AYXgcWzOKy6Eeyi8lAt17oF7OmGT4IuyrKEDjpdTxhOWLsQw==",
      "os": ["win32"],
      "cpu": ["arm64"]
    },
    "@dprint/win32-x64@0.49.0": {
      "integrity": "sha512-8bE6P9T/32Gd+zMAkcwvUHzOLEMnbHEMgsgiKypYsdFTskpDz+y1GLJvMaxIFd2DB2tMx9TdBYuBQrJroTsMeQ==",
      "os": ["win32"],
      "cpu": ["x64"]
    },
    "@harperfast/extended-iterable@1.0.3": {
      "integrity": "sha512-sSAYhQca3rDWtQUHSAPeO7axFIUJOI6hn1gjRC5APVE1a90tuyT8f5WIgRsFhhWA7htNkju2veB9eWL6YHi/Lw=="
    },
    "@lmdb/lmdb-darwin-arm64@2.6.8-v1": {
      "integrity": "sha512-5Eo04kLLsLLfMykh003ZjoBPYr8enAP/abYsPM4fjABSk+KDism2R/7Ams7/5PWGsfmeDcA1DvYteDjpHYHkxg==",
      "os": ["darwin"],
      "cpu": ["arm64"]
    },
    "@lmdb/lmdb-darwin-arm64@3.5.3": {
      "integrity": "sha512-Ob379nnG6FpfVi9WUVupUVsMFa0+jbkelilrBAdJgNlg6dDtXKeTi+pzL+G3f1z3SNdXXWUAL5N8LTp7szXEVw==",
      "os": ["darwin"],
      "cpu": ["arm64"]
    },
    "@lmdb/lmdb-darwin-x64@2.6.8-v1": {
      "integrity": "sha512-/FcnH7lX81lCv+b6P/PPItQGZofM1mQe2d73+5uTf3El5VvD/C4jG9WEWfl973C5yiHVvCvFaDZJzFDNDVmlOQ==",
      "os": ["darwin"],
      "cpu": ["x64"]
    },
    "@lmdb/lmdb-darwin-x64@3.5.3": {
      "integrity": "sha512-fbKZ6gonDCWENiXiRoDC4KdBBXi2rlDr1uYj/SErpIAHuTfnLo0Il1hvmbDLeiCPLaPjbXlvcMiR3vLnrNnWMw==",
      "os": ["darwin"],
      "cpu": ["x64"]
    },
    "@lmdb/lmdb-linux-arm64@2.6.8-v1": {
      "integrity": "sha512-JE5oEGpGSvQbyLUVUevHPB4Vtn9Uuby+QVoYj5ztASWnGphFqlGarbzL3Dq2IDQ6LoE2vmw8/9CbafcwPlSKdw==",
      "os": ["linux"],
      "cpu": ["arm64"]
    },
    "@lmdb/lmdb-linux-arm64@3.5.3": {
      "integrity": "sha512-VYWkuWS8uQSyszMe5KGVJPD3YSkaXVrUz/6hbg3zkBvhfOTyrIVMN9M3cZjpU4yxVRBmGViZ5kgjoKz7n3sw2w==",
      "os": ["linux"],
      "cpu": ["arm64"]
    },
    "@lmdb/lmdb-linux-arm@2.6.8-v1": {
      "integrity": "sha512-CMxXbLZw7Ls3ggveS7ETPVfDj16fS9ObL2BVFimAKTYaGg+EQmIhFDOKIi+/iPw+HJPGhJRRypzBgy+47qaxWg==",
      "os": ["linux"],
      "cpu": ["arm"]
    },
    "@lmdb/lmdb-linux-arm@3.5.3": {
      "integrity": "sha512-A80EUIRBiKA+0iMc5DxT2u8msgY+K05Lok133IKb3eJVlJkmJie4+LM0MjNyV+mREnu8UwhlNFupSikPy/eTPw==",
      "os": ["linux"],
      "cpu": ["arm"]
    },
    "@lmdb/lmdb-linux-x64@2.6.8-v1": {
      "integrity": "sha512-JB/FWRuA0cyWh9Mchm2a9LtNHztAI6n4/cTaLLiNFRKEoF53kBRzvdOx41VA2N0a0EsGtQ1WHEeUsMuNjbhdOg==",
      "os": ["linux"],
      "cpu": ["x64"]
    },
    "@lmdb/lmdb-linux-x64@3.5.3": {
      "integrity": "sha512-JAeG8rJaL1klzg+VKyRqp0wPSbuPo1ZuNmO/IBRs8QRrSIPxF9r3r1TcIVVRLaaJmI0+2KOjbFRjtvFWFH6cMQ==",
      "os": ["linux"],
      "cpu": ["x64"]
    },
    "@lmdb/lmdb-win32-arm64@3.5.3": {
      "integrity": "sha512-9QdgjU5VW0MJ3wy94h4fQ+cNkxeJ0KasjvisOhLuvlCep2KSOzr1i65Js3ElHBRQX8N+jVD8/+LWIM7flfGZ4w==",
      "os": ["win32"],
      "cpu": ["arm64"]
    },
    "@lmdb/lmdb-win32-x64@2.6.8-v1": {
      "integrity": "sha512-Oy4Jlq0NoZxMlcSqmLd43xg4McOALXAgXz+P3dK+sZVLCXR8uW+hH7f7zAtERAE2+7ryRnC8KioAPP3uZvV1Ww==",
      "os": ["win32"],
      "cpu": ["x64"]
    },
    "@lmdb/lmdb-win32-x64@3.5.3": {
      "integrity": "sha512-0nd13c9ypIDkdsJbHv1PMvk6MZrwHLQP05AXZdxvv8lklxRrZxPK2d8nSo8HLoMXyLt0hA2yQ3fydQaSRrkz0g==",
      "os": ["win32"],
      "cpu": ["x64"]
    },
    "@msgpack/msgpack@3.1.3": {
      "integrity": "sha512-47XIizs9XZXvuJgoaJUIE2lFoID8ugvc0jzSHP+Ptfk8nTbnR8g788wv48N03Kx0UkAv559HWRQ3yzOgzlRNUA=="
    },
    "@msgpackr-extract/msgpackr-extract-darwin-arm64@2.2.0": {
      "integrity": "sha512-Z9LFPzfoJi4mflGWV+rv7o7ZbMU5oAU9VmzCgL240KnqDW65Y2HFCT3MW06/ITJSnbVLacmcEJA8phywK7JinQ==",
      "os": ["darwin"],
      "cpu": ["arm64"]
    },
    "@msgpackr-extract/msgpackr-extract-darwin-arm64@3.0.3": {
      "integrity": "sha512-QZHtlVgbAdy2zAqNA9Gu1UpIuI8Xvsd1v8ic6B2pZmeFnFcMWiPLfWXh7TVw4eGEZ/C9TH281KwhVoeQUKbyjw==",
      "os": ["darwin"],
      "cpu": ["arm64"]
    },
    "@msgpackr-extract/msgpackr-extract-darwin-x64@2.2.0": {
      "integrity": "sha512-vq0tT8sjZsy4JdSqmadWVw6f66UXqUCabLmUVHZwUFzMgtgoIIQjT4VVRHKvlof3P/dMCkbMJ5hB1oJ9OWHaaw==",
      "os": ["darwin"],
      "cpu": ["x64"]
    },
    "@msgpackr-extract/msgpackr-extract-darwin-x64@3.0.3": {
      "integrity": "sha512-mdzd3AVzYKuUmiWOQ8GNhl64/IoFGol569zNRdkLReh6LRLHOXxU4U8eq0JwaD8iFHdVGqSy4IjFL4reoWCDFw==",
      "os": ["darwin"],
      "cpu": ["x64"]
    },
    "@msgpackr-extract/msgpackr-extract-linux-arm64@2.2.0": {
      "integrity": "sha512-hlxxLdRmPyq16QCutUtP8Tm6RDWcyaLsRssaHROatgnkOxdleMTgetf9JsdncL8vLh7FVy/RN9i3XR5dnb9cRA==",
      "os": ["linux"],
      "cpu": ["arm64"]
    },
    "@msgpackr-extract/msgpackr-extract-linux-arm64@3.0.3": {
      "integrity": "sha512-YxQL+ax0XqBJDZiKimS2XQaf+2wDGVa1enVRGzEvLLVFeqa5kx2bWbtcSXgsxjQB7nRqqIGFIcLteF/sHeVtQg==",
      "os": ["linux"],
      "cpu": ["arm64"]
    },
    "@msgpackr-extract/msgpackr-extract-linux-arm@2.2.0": {
      "integrity": "sha512-SaJ3Qq4lX9Syd2xEo9u3qPxi/OB+5JO/ngJKK97XDpa1C587H9EWYO6KD8995DAjSinWvdHKRrCOXVUC5fvGOg==",
      "os": ["linux"],
      "cpu": ["arm"]
    },
    "@msgpackr-extract/msgpackr-extract-linux-arm@3.0.3": {
      "integrity": "sha512-fg0uy/dG/nZEXfYilKoRe7yALaNmHoYeIoJuJ7KJ+YyU2bvY8vPv27f7UKhGRpY6euFYqEVhxCFZgAUNQBM3nw==",
      "os": ["linux"],
      "cpu": ["arm"]
    },
    "@msgpackr-extract/msgpackr-extract-linux-x64@2.2.0": {
      "integrity": "sha512-94y5PJrSOqUNcFKmOl7z319FelCLAE0rz/jPCWS+UtdMZvpa4jrQd+cJPQCLp2Fes1yAW/YUQj/Di6YVT3c3Iw==",
      "os": ["linux"],
      "cpu": ["x64"]
    },
    "@msgpackr-extract/msgpackr-extract-linux-x64@3.0.3": {
      "integrity": "sha512-cvwNfbP07pKUfq1uH+S6KJ7dT9K8WOE4ZiAcsrSes+UY55E/0jLYc+vq+DO7jlmqRb5zAggExKm0H7O/CBaesg==",
      "os": ["linux"],
      "cpu": ["x64"]
    },
    "@msgpackr-extract/msgpackr-extract-win32-x64@2.2.0": {
      "integrity": "sha512-XrC0JzsqQSvOyM3t04FMLO6z5gCuhPE6k4FXuLK5xf52ZbdvcFe1yBmo7meCew9B8G2f0T9iu9t3kfTYRYROgA==",
      "os": ["win32"],
      "cpu": ["x64"]
    },
    "@msgpackr-extract/msgpackr-extract-win32-x64@3.0.3": {
      "integrity": "sha512-x0fWaQtYp4E6sktbsdAqnehxDgEc/VwM7uLsRCYWaiGu0ykYdZPiS8zCWdnjHwyiumousxfBm4SO31eXqwEZhQ==",
      "os": ["win32"],
      "cpu": ["x64"]
    },
    "@noble/curves@1.9.7": {
      "integrity": "sha512-gbKGcRUYIjA3/zCCNaWDciTMFI0dCkvou3TL8Zmy5Nc7sJ47a0jtOeZoTaMxkuqRo9cRhjOdZJXegxYE5FN/xw==",
      "dependencies": [
        "@noble/hashes"
      ]
    },
    "@noble/hashes@1.8.0": {
      "integrity": "sha512-jCs9ldd7NwzpgXDIf6P3+NrHh9/sD6CQdxHyjQI+h/6rDNo88ypBxxz45UDuZHz9r3tNz7N/VInSVoVdtXEI4A=="
    },
    "@types/node@24.2.0": {
      "integrity": "sha512-3xyG3pMCq3oYCNg7/ZP+E1ooTaGB4cG8JWRsqqOYQdbWNY4zbaV0Ennrd7stjiJEFZCaybcIgpTjJWHRfBSIDw==",
      "dependencies": [
        "undici-types"
      ]
    },
    "cbor-extract@2.2.0": {
      "integrity": "sha512-Ig1zM66BjLfTXpNgKpvBePq271BPOvu8MR0Jl080yG7Jsl+wAZunfrwiwA+9ruzm/WEdIV5QF/bjDZTqyAIVHA==",
      "dependencies": [
        "node-gyp-build-optional-packages@5.1.1"
      ],
      "optionalDependencies": [
        "@cbor-extract/cbor-extract-darwin-arm64",
        "@cbor-extract/cbor-extract-darwin-x64",
        "@cbor-extract/cbor-extract-linux-arm",
        "@cbor-extract/cbor-extract-linux-arm64",
        "@cbor-extract/cbor-extract-linux-x64",
        "@cbor-extract/cbor-extract-win32-x64"
      ],
      "scripts": true,
      "bin": true
    },
    "cbor-x@1.6.0": {
      "integrity": "sha512-0kareyRwHSkL6ws5VXHEf8uY1liitysCVJjlmhaLG+IXLqhSaOO+t63coaso7yjwEzWZzLy8fJo06gZDVQM9Qg==",
      "optionalDependencies": [
        "cbor-extract"
      ]
    },
    "commander@10.0.1": {
      "integrity": "sha512-y4Mg2tXshplEbSGzx7amzPwKKOCGuoSRP/CjEdwwk0FOGlUbq6lKuoyDZTNZkmxHdJtp54hdfY/JUrdL7Xfdug=="
    },
    "detect-libc@2.1.2": {
      "integrity": "sha512-Btj2BOOO83o3WyH59e8MgXsxEQVcarkUOpEYrubB0urwnN10yQ364rsiByU11nZlqWYZm05i/of7io4mzihBtQ=="
    },
    "dprint@0.49.0": {
      "integrity": "sha512-xtBPZbPKWOOJH5al4h6rgzsGHuXpyK7TFJCQ5/TW8Z4zkcB9dfmPAh14/Yp5YZcB798D0liztXw+Nd7suzdzBQ==",
      "optionalDependencies": [
        "@dprint/darwin-arm64",
        "@dprint/darwin-x64",
        "@dprint/linux-arm64-glibc",
        "@dprint/linux-arm64-musl",
        "@dprint/linux-riscv64-glibc",
        "@dprint/linux-x64-glibc",
        "@dprint/linux-x64-musl",
        "@dprint/win32-arm64",
        "@dprint/win32-x64"
      ],
      "scripts": true,
      "bin": true
    },
    "effection@3.6.1": {
      "integrity": "sha512-ogsuH/cgxfOOaVUf53pYqhPJth4WhPlva0hGb4Roh6cZhttMoanMqwADkDk9ych28lKuQgntpCszbFRyRFifqg=="
    },
    "libsodium-wrappers@0.7.15": {
      "integrity": "sha512-E4anqJQwcfiC6+Yrl01C1m8p99wEhLmJSs0VQqST66SbQXXBoaJY0pF4BNjRYa/sOQAxx6lXAaAFIlx+15tXJQ==",
      "dependencies": [
        "libsodium@0.7.16"
      ]
    },
    "libsodium-wrappers@0.8.2": {
      "integrity": "sha512-VFLmfxkxo+U9q60tjcnSomQBRx2UzlRjKWJqvB4K1pUqsMQg4cu3QXA2nrcsj9A1qRsnJBbi2Ozx1hsiDoCkhw==",
      "dependencies": [
        "libsodium@0.8.2"
      ]
    },
    "libsodium@0.7.16": {
      "integrity": "sha512-3HrzSPuzm6Yt9aTYCDxYEG8x8/6C0+ag655Y7rhhWZM9PT4NpdnbqlzXhGZlDnkgR6MeSTnOt/VIyHLs9aSf+Q=="
    },
    "libsodium@0.8.2": {
      "integrity": "sha512-TsnGYMoZtpweT+kR+lOv5TVsnJ/9U0FZOsLFzFOMWmxqOAYXjX3fsrPAW+i1LthgDKXJnI9A8dWEanT1tnJKIw=="
    },
    "lmdb@2.6.8-v1": {
      "integrity": "sha512-RMPVkbLacBYLY3aMfxpWDzuX6lOwoa2FTgppsqivvpmCeYquwYxI39NuCHanwjGhJFyCP3BBVpvCzL4Rbp61jw==",
      "dependencies": [
        "msgpackr@1.7.2",
        "node-addon-api@4.3.0",
        "node-gyp-build-optional-packages@5.0.3",
        "ordered-binary",
        "weak-lru-cache"
      ],
      "optionalDependencies": [
        "@lmdb/lmdb-darwin-arm64@2.6.8-v1",
        "@lmdb/lmdb-darwin-x64@2.6.8-v1",
        "@lmdb/lmdb-linux-arm@2.6.8-v1",
        "@lmdb/lmdb-linux-arm64@2.6.8-v1",
        "@lmdb/lmdb-linux-x64@2.6.8-v1",
        "@lmdb/lmdb-win32-x64@2.6.8-v1"
      ],
      "scripts": true,
      "bin": true
    },
    "lmdb@3.5.3": {
      "integrity": "sha512-6A0iRKOv/N62P1vU8qhBr32tHQIY6pQMe8b6zqI4VLELqV8fWHUMdnfNjMR+Kyh7ZeRCo8PDzAnW2g+SJSoP1A==",
      "dependencies": [
        "@harperfast/extended-iterable",
        "msgpackr@1.11.9",
        "node-addon-api@6.1.0",
        "node-gyp-build-optional-packages@5.2.2",
        "ordered-binary",
        "weak-lru-cache"
      ],
      "optionalDependencies": [
        "@lmdb/lmdb-darwin-arm64@3.5.3",
        "@lmdb/lmdb-darwin-x64@3.5.3",
        "@lmdb/lmdb-linux-arm@3.5.3",
        "@lmdb/lmdb-linux-arm64@3.5.3",
        "@lmdb/lmdb-linux-x64@3.5.3",
        "@lmdb/lmdb-win32-arm64",
        "@lmdb/lmdb-win32-x64@3.5.3"
      ],
      "scripts": true,
      "bin": true
    },
    "msgpackr-extract@2.2.0": {
      "integrity": "sha512-0YcvWSv7ZOGl9Od6Y5iJ3XnPww8O7WLcpYMDwX+PAA/uXLDtyw94PJv9GLQV/nnp3cWlDhMoyKZIQLrx33sWog==",
      "dependencies": [
        "node-gyp-build-optional-packages@5.0.3"
      ],
      "optionalDependencies": [
        "@msgpackr-extract/msgpackr-extract-darwin-arm64@2.2.0",
        "@msgpackr-extract/msgpackr-extract-darwin-x64@2.2.0",
        "@msgpackr-extract/msgpackr-extract-linux-arm@2.2.0",
        "@msgpackr-extract/msgpackr-extract-linux-arm64@2.2.0",
        "@msgpackr-extract/msgpackr-extract-linux-x64@2.2.0",
        "@msgpackr-extract/msgpackr-extract-win32-x64@2.2.0"
      ],
      "scripts": true,
      "bin": true
    },
    "msgpackr-extract@3.0.3": {
      "integrity": "sha512-P0efT1C9jIdVRefqjzOQ9Xml57zpOXnIuS+csaB4MdZbTdmGDLo8XhzBG1N7aO11gKDDkJvBLULeFTo46wwreA==",
      "dependencies": [
        "node-gyp-build-optional-packages@5.2.2"
      ],
      "optionalDependencies": [
        "@msgpackr-extract/msgpackr-extract-darwin-arm64@3.0.3",
        "@msgpackr-extract/msgpackr-extract-darwin-x64@3.0.3",
        "@msgpackr-extract/msgpackr-extract-linux-arm@3.0.3",
        "@msgpackr-extract/msgpackr-extract-linux-arm64@3.0.3",
        "@msgpackr-extract/msgpackr-extract-linux-x64@3.0.3",
        "@msgpackr-extract/msgpackr-extract-win32-x64@3.0.3"
      ],
      "scripts": true,
      "bin": true
    },
    "msgpackr@1.11.9": {
      "integrity": "sha512-FkoAAyyA6HM8wL882EcEyFZ9s7hVADSwG9xrVx3dxxNQAtgADTrJoEWivID82Iv1zWDsv/OtbrrcZAzGzOMdNw==",
      "optionalDependencies": [
        "msgpackr-extract@3.0.3"
      ]
    },
    "msgpackr@1.7.2": {
      "integrity": "sha512-mWScyHTtG6TjivXX9vfIy2nBtRupaiAj0HQ2mtmpmYujAmqZmaaEVPaSZ1NKLMvicaMLFzEaMk0ManxMRg8rMQ==",
      "optionalDependencies": [
        "msgpackr-extract@2.2.0"
      ]
    },
    "node-addon-api@4.3.0": {
      "integrity": "sha512-73sE9+3UaLYYFmDsFZnqCInzPyh3MqIwZO9cw58yIqAZhONrrabrYyYe3TuIqtIiOuTXVhsGau8hcrhhwSsDIQ=="
    },
    "node-addon-api@6.1.0": {
      "integrity": "sha512-+eawOlIgy680F0kBzPUNFhMZGtJ1YmqM6l4+Crf4IkImjYrO/mqPwRMh352g23uIaQKFItcQ64I7KMaJxHgAVA=="
    },
    "node-gyp-build-optional-packages@5.0.3": {
      "integrity": "sha512-k75jcVzk5wnnc/FMxsf4udAoTEUv2jY3ycfdSd3yWu6Cnd1oee6/CfZJApyscA4FJOmdoixWwiwOyf16RzD5JA==",
      "bin": true
    },
    "node-gyp-build-optional-packages@5.1.1": {
      "integrity": "sha512-+P72GAjVAbTxjjwUmwjVrqrdZROD4nf8KgpBoDxqXXTiYZZt/ud60dE5yvCSr9lRO8e8yv6kgJIC0K0PfZFVQw==",
      "dependencies": [
        "detect-libc"
      ],
      "bin": true
    },
    "node-gyp-build-optional-packages@5.2.2": {
      "integrity": "sha512-s+w+rBWnpTMwSFbaE0UXsRlg7hU4FjekKU4eyAih5T8nJuNZT1nNsskXpxmeqSK9UzkBl6UgRlnKc8hz8IEqOw==",
      "dependencies": [
        "detect-libc"
      ],
      "bin": true
    },
    "ordered-binary@1.6.1": {
      "integrity": "sha512-QkCdPooczexPLiXIrbVOPYkR3VO3T6v2OyKRkR1Xbhpy7/LAVXwahnRCgRp78Oe/Ehf0C/HATAxfSr6eA1oX+w=="
    },
    "undici-types@7.10.0": {
      "integrity": "sha512-t5Fy/nfn+14LuOc2KNYg75vZqClpAiqscVvMygNnlsHBFpSXdJaYtXMcdNLpl/Qvc3P2cB3s6lOV51nqsFq4ag=="
    },
    "weak-lru-cache@1.2.2": {
      "integrity": "sha512-DEAoo25RfSYMuTGc9vPJzZcZullwIqRDSI9LOy+fkCJPi6hykCnfKaXTuPBDuXAUcqHXyOgFtHNp/kB2FjYHbw=="
    }
  },
  "workspace": {
    "dependencies": [
      "npm:@msgpack/msgpack@^3.1.2",
      "npm:cbor-x@^1.6.0"
    ],
    "members": {
      "packages/cesr": {
        "dependencies": [
          "jsr:@deno/dnt@~0.42.3",
          "jsr:@std/assert@0.217",
          "npm:@msgpack/msgpack@^3.1.2",
          "npm:cbor-x@^1.6.0"
        ]
      },
      "packages/keri": {
        "dependencies": [
          "jsr:@deno/dnt@~0.42.3",
          "jsr:@std/assert@0.217",
          "npm:@msgpack/msgpack@^3.1.2",
          "npm:cbor-x@^1.6.0",
          "npm:commander@^10.0.1",
          "npm:effection@^3.6.0",
          "npm:lmdb@*"
        ]
      }
    }
  }
}
