{
  "name": "keri-ts",
  "version": "0.2.2",
  "lockfileVersion": 3,
  "requires": true,
  "packages": {
    "": {
      "name": "keri-ts",
      "version": "0.2.2",
      "workspaces": [
        "packages/cesr"
      ]
    },
    "node_modules/cesr-ts": {
      "resolved": "packages/cesr",
      "link": true
    },
    "packages/cesr": {
      "name": "cesr-ts",
      "version": "0.2.2"
    }
  }
}
